
Microsoft Visual Studio Solution File, Format Version 12.00
# Visual Studio Version 17
VisualStudioVersion = 17.2.32616.157
MinimumVisualStudioVersion = 10.0.40219.1
Project("{FAE04EC0-301F-11D3-BF4B-00C04F79EFBC}") = "Q01", "Q01\Q01.csproj", "{06B3E3BE-BDD5-49C8-9584-4240E96E652A}"
EndProject
Project("{FAE04EC0-301F-11D3-BF4B-00C04F79EFBC}") = "0-100", "0-100\0-100.csproj", "{6F74015E-9EF2-4C09-A517-B90B012C1B8F}"
EndProject
Project("{FAE04EC0-301F-11D3-BF4B-00C04F79EFBC}") = "alfabeto", "alfabeto\alfabeto.csproj", "{C653423E-D808-46CC-9160-289BA74210F0}"
EndProject
Project("{FAE04EC0-301F-11D3-BF4B-00C04F79EFBC}") = "indicie", "indicie\indicie.csproj", "{E91BDC77-8795-48C2-A9D9-BDA63FD26640}"
EndProject
Project("{FAE04EC0-301F-11D3-BF4B-00C04F79EFBC}") = "Test", "Test\Test.csproj", "{E802E2EE-903B-4A07-851A-0F400052E55F}"
EndProject
Project("{FAE04EC0-301F-11D3-BF4B-00C04F79EFBC}") = "Inserção", "Inserção\Inserção.csproj", "{9DD644CD-0D46-43FE-92CF-519FD2F4CBA1}"
EndProject
Project("{FAE04EC0-301F-11D3-BF4B-00C04F79EFBC}") = "XY", "XY\XY.csproj", "{44C01504-F0E6-4E29-8B76-62C780F23F12}"
EndProject
Project("{FAE04EC0-301F-11D3-BF4B-00C04F79EFBC}") = "IndexOf", "IndexOf\IndexOf.csproj", "{73F2BA0C-ED96-4CC8-A295-2A7CC180EF5C}"
EndProject
Project("{FAE04EC0-301F-11D3-BF4B-00C04F79EFBC}") = "Achar", "Achar\Achar.csproj", "{7908B2D3-376C-4388-BC72-B90BED790D6E}"
EndProject
Project("{FAE04EC0-301F-11D3-BF4B-00C04F79EFBC}") = "Bimestres", "Bimestres\Bimestres.csproj", "{C035DA82-030F-4D54-B887-9F723C4F0232}"
EndProject
Project("{2150E333-8FDC-42A3-9474-1A3956D46DE8}") = "Array dimencional", "Array dimencional", "{B2677844-E126-45DD-9ECA-EA5053670541}"
EndProject
Project("{FAE04EC0-301F-11D3-BF4B-00C04F79EFBC}") = "4x5 somaInteiros", "4x5 somaInteiros\4x5 somaInteiros.csproj", "{190F9AC8-513A-4D1C-969C-8B451C9639AC}"
EndProject
Global
	GlobalSection(SolutionConfigurationPlatforms) = preSolution
		Debug|Any CPU = Debug|Any CPU
		Release|Any CPU = Release|Any CPU
	EndGlobalSection
	GlobalSection(ProjectConfigurationPlatforms) = postSolution
		{06B3E3BE-BDD5-49C8-9584-4240E96E652A}.Debug|Any CPU.ActiveCfg = Debug|Any CPU
		{06B3E3BE-BDD5-49C8-9584-4240E96E652A}.Debug|Any CPU.Build.0 = Debug|Any CPU
		{06B3E3BE-BDD5-49C8-9584-4240E96E652A}.Release|Any CPU.ActiveCfg = Release|Any CPU
		{06B3E3BE-BDD5-49C8-9584-4240E96E652A}.Release|Any CPU.Build.0 = Release|Any CPU
		{6F74015E-9EF2-4C09-A517-B90B012C1B8F}.Debug|Any CPU.ActiveCfg = Debug|Any CPU
		{6F74015E-9EF2-4C09-A517-B90B012C1B8F}.Debug|Any CPU.Build.0 = Debug|Any CPU
		{6F74015E-9EF2-4C09-A517-B90B012C1B8F}.Release|Any CPU.ActiveCfg = Release|Any CPU
		{6F74015E-9EF2-4C09-A517-B90B012C1B8F}.Release|Any CPU.Build.0 = Release|Any CPU
		{C653423E-D808-46CC-9160-289BA74210F0}.Debug|Any CPU.ActiveCfg = Debug|Any CPU
		{C653423E-D808-46CC-9160-289BA74210F0}.Debug|Any CPU.Build.0 = Debug|Any CPU
		{C653423E-D808-46CC-9160-289BA74210F0}.Release|Any CPU.ActiveCfg = Release|Any CPU
		{C653423E-D808-46CC-9160-289BA74210F0}.Release|Any CPU.Build.0 = Release|Any CPU
		{E91BDC77-8795-48C2-A9D9-BDA63FD26640}.Debug|Any CPU.ActiveCfg = Debug|Any CPU
		{E91BDC77-8795-48C2-A9D9-BDA63FD26640}.Debug|Any CPU.Build.0 = Debug|Any CPU
		{E91BDC77-8795-48C2-A9D9-BDA63FD26640}.Release|Any CPU.ActiveCfg = Release|Any CPU
		{E91BDC77-8795-48C2-A9D9-BDA63FD26640}.Release|Any CPU.Build.0 = Release|Any CPU
		{E802E2EE-903B-4A07-851A-0F400052E55F}.Debug|Any CPU.ActiveCfg = Debug|Any CPU
		{E802E2EE-903B-4A07-851A-0F400052E55F}.Debug|Any CPU.Build.0 = Debug|Any CPU
		{E802E2EE-903B-4A07-851A-0F400052E55F}.Release|Any CPU.ActiveCfg = Release|Any CPU
		{E802E2EE-903B-4A07-851A-0F400052E55F}.Release|Any CPU.Build.0 = Release|Any CPU
		{9DD644CD-0D46-43FE-92CF-519FD2F4CBA1}.Debug|Any CPU.ActiveCfg = Debug|Any CPU
		{9DD644CD-0D46-43FE-92CF-519FD2F4CBA1}.Debug|Any CPU.Build.0 = Debug|Any CPU
		{9DD644CD-0D46-43FE-92CF-519FD2F4CBA1}.Release|Any CPU.ActiveCfg = Release|Any CPU
		{9DD644CD-0D46-43FE-92CF-519FD2F4CBA1}.Release|Any CPU.Build.0 = Release|Any CPU
		{44C01504-F0E6-4E29-8B76-62C780F23F12}.Debug|Any CPU.ActiveCfg = Debug|Any CPU
		{44C01504-F0E6-4E29-8B76-62C780F23F12}.Debug|Any CPU.Build.0 = Debug|Any CPU
		{44C01504-F0E6-4E29-8B76-62C780F23F12}.Release|Any CPU.ActiveCfg = Release|Any CPU
		{44C01504-F0E6-4E29-8B76-62C780F23F12}.Release|Any CPU.Build.0 = Release|Any CPU
		{73F2BA0C-ED96-4CC8-A295-2A7CC180EF5C}.Debug|Any CPU.ActiveCfg = Debug|Any CPU
		{73F2BA0C-ED96-4CC8-A295-2A7CC180EF5C}.Debug|Any CPU.Build.0 = Debug|Any CPU
		{73F2BA0C-ED96-4CC8-A295-2A7CC180EF5C}.Release|Any CPU.ActiveCfg = Release|Any CPU
		{73F2BA0C-ED96-4CC8-A295-2A7CC180EF5C}.Release|Any CPU.Build.0 = Release|Any CPU
		{7908B2D3-376C-4388-BC72-B90BED790D6E}.Debug|Any CPU.ActiveCfg = Debug|Any CPU
		{7908B2D3-376C-4388-BC72-B90BED790D6E}.Debug|Any CPU.Build.0 = Debug|Any CPU
		{7908B2D3-376C-4388-BC72-B90BED790D6E}.Release|Any CPU.ActiveCfg = Release|Any CPU
		{7908B2D3-376C-4388-BC72-B90BED790D6E}.Release|Any CPU.Build.0 = Release|Any CPU
		{C035DA82-030F-4D54-B887-9F723C4F0232}.Debug|Any CPU.ActiveCfg = Debug|Any CPU
		{C035DA82-030F-4D54-B887-9F723C4F0232}.Debug|Any CPU.Build.0 = Debug|Any CPU
		{C035DA82-030F-4D54-B887-9F723C4F0232}.Release|Any CPU.ActiveCfg = Release|Any CPU
		{C035DA82-030F-4D54-B887-9F723C4F0232}.Release|Any CPU.Build.0 = Release|Any CPU
		{190F9AC8-513A-4D1C-969C-8B451C9639AC}.Debug|Any CPU.ActiveCfg = Debug|Any CPU
		{190F9AC8-513A-4D1C-969C-8B451C9639AC}.Debug|Any CPU.Build.0 = Debug|Any CPU
		{190F9AC8-513A-4D1C-969C-8B451C9639AC}.Release|Any CPU.ActiveCfg = Release|Any CPU
		{190F9AC8-513A-4D1C-969C-8B451C9639AC}.Release|Any CPU.Build.0 = Release|Any CPU
	EndGlobalSection
	GlobalSection(SolutionProperties) = preSolution
		HideSolutionNode = FALSE
	EndGlobalSection
	GlobalSection(NestedProjects) = preSolution
		{C035DA82-030F-4D54-B887-9F723C4F0232} = {B2677844-E126-45DD-9ECA-EA5053670541}
		{190F9AC8-513A-4D1C-969C-8B451C9639AC} = {B2677844-E126-45DD-9ECA-EA5053670541}
	EndGlobalSection
	GlobalSection(ExtensibilityGlobals) = postSolution
		SolutionGuid = {94C5CC46-060E-43B2-B45D-54017DC90F77}
	EndGlobalSection
EndGlobal
