
Microsoft Visual Studio Solution File, Format Version 12.00
# Visual Studio Version 17
VisualStudioVersion = 17.2.32616.157
MinimumVisualStudioVersion = 10.0.40219.1
Project("{FAE04EC0-301F-11D3-BF4B-00C04F79EFBC}") = "Questão07", "Questão07.csproj", "{4BB188A2-28A5-4F34-BC35-BD10C8A98FEF}"
EndProject
Global
	GlobalSection(SolutionConfigurationPlatforms) = preSolution
		Debug|Any CPU = Debug|Any CPU
		Release|Any CPU = Release|Any CPU
	EndGlobalSection
	GlobalSection(ProjectConfigurationPlatforms) = postSolution
		{4BB188A2-28A5-4F34-BC35-BD10C8A98FEF}.Debug|Any CPU.ActiveCfg = Debug|Any CPU
		{4BB188A2-28A5-4F34-BC35-BD10C8A98FEF}.Debug|Any CPU.Build.0 = Debug|Any CPU
		{4BB188A2-28A5-4F34-BC35-BD10C8A98FEF}.Release|Any CPU.ActiveCfg = Release|Any CPU
		{4BB188A2-28A5-4F34-BC35-BD10C8A98FEF}.Release|Any CPU.Build.0 = Release|Any CPU
	EndGlobalSection
	GlobalSection(SolutionProperties) = preSolution
		HideSolutionNode = FALSE
	EndGlobalSection
	GlobalSection(ExtensibilityGlobals) = postSolution
		SolutionGuid = {D72FD8BB-5A52-4C13-A89B-1FEB33FFDA83}
	EndGlobalSection
EndGlobal
