
Microsoft Visual Studio Solution File, Format Version 12.00
# Visual Studio Version 17
VisualStudioVersion = 17.2.32616.157
MinimumVisualStudioVersion = 10.0.40219.1
Project("{FAE04EC0-301F-11D3-BF4B-00C04F79EFBC}") = "parOuImpar", "parOuImpar\parOuImpar.csproj", "{FBEB8F8E-D90B-42C9-B359-B34B38B38122}"
EndProject
Global
	GlobalSection(SolutionConfigurationPlatforms) = preSolution
		Debug|Any CPU = Debug|Any CPU
		Release|Any CPU = Release|Any CPU
	EndGlobalSection
	GlobalSection(ProjectConfigurationPlatforms) = postSolution
		{FBEB8F8E-D90B-42C9-B359-B34B38B38122}.Debug|Any CPU.ActiveCfg = Debug|Any CPU
		{FBEB8F8E-D90B-42C9-B359-B34B38B38122}.Debug|Any CPU.Build.0 = Debug|Any CPU
		{FBEB8F8E-D90B-42C9-B359-B34B38B38122}.Release|Any CPU.ActiveCfg = Release|Any CPU
		{FBEB8F8E-D90B-42C9-B359-B34B38B38122}.Release|Any CPU.Build.0 = Release|Any CPU
	EndGlobalSection
	GlobalSection(SolutionProperties) = preSolution
		HideSolutionNode = FALSE
	EndGlobalSection
	GlobalSection(ExtensibilityGlobals) = postSolution
		SolutionGuid = {08393A08-420D-48A8-967E-F44B106A85EC}
	EndGlobalSection
EndGlobal
