
Microsoft Visual Studio Solution File, Format Version 12.00
# Visual Studio Version 17
VisualStudioVersion = 17.2.32616.157
MinimumVisualStudioVersion = 10.0.40219.1
Project("{FAE04EC0-301F-11D3-BF4B-00C04F79EFBC}") = "Q03", "Q03.csproj", "{3920EB34-B649-4A6E-B551-CA1A9D820DDA}"
EndProject
Project("{FAE04EC0-301F-11D3-BF4B-00C04F79EFBC}") = "Q02", "..\Q02\Q02.csproj", "{53B7D6E2-4186-4CA5-A425-C1F1E230F17D}"
EndProject
Global
	GlobalSection(SolutionConfigurationPlatforms) = preSolution
		Debug|Any CPU = Debug|Any CPU
		Release|Any CPU = Release|Any CPU
	EndGlobalSection
	GlobalSection(ProjectConfigurationPlatforms) = postSolution
		{3920EB34-B649-4A6E-B551-CA1A9D820DDA}.Debug|Any CPU.ActiveCfg = Debug|Any CPU
		{3920EB34-B649-4A6E-B551-CA1A9D820DDA}.Debug|Any CPU.Build.0 = Debug|Any CPU
		{3920EB34-B649-4A6E-B551-CA1A9D820DDA}.Release|Any CPU.ActiveCfg = Release|Any CPU
		{3920EB34-B649-4A6E-B551-CA1A9D820DDA}.Release|Any CPU.Build.0 = Release|Any CPU
		{53B7D6E2-4186-4CA5-A425-C1F1E230F17D}.Debug|Any CPU.ActiveCfg = Debug|Any CPU
		{53B7D6E2-4186-4CA5-A425-C1F1E230F17D}.Debug|Any CPU.Build.0 = Debug|Any CPU
		{53B7D6E2-4186-4CA5-A425-C1F1E230F17D}.Release|Any CPU.ActiveCfg = Release|Any CPU
		{53B7D6E2-4186-4CA5-A425-C1F1E230F17D}.Release|Any CPU.Build.0 = Release|Any CPU
	EndGlobalSection
	GlobalSection(SolutionProperties) = preSolution
		HideSolutionNode = FALSE
	EndGlobalSection
	GlobalSection(ExtensibilityGlobals) = postSolution
		SolutionGuid = {7FFEFD15-AADA-4B3A-BEB6-1030DC1E134F}
	EndGlobalSection
EndGlobal
